
Microsoft Visual Studio Solution File, Format Version 12.00
# Visual Studio Version 16
VisualStudioVersion = 16.0.31515.178
MinimumVisualStudioVersion = 10.0.40219.1
Project("{9A19103F-16F7-4668-BE54-9A1E7A4F7556}") = "FlightApp", "FlightApp.csproj", "{4EF51233-C3DC-4D59-8D42-3273710C8C7B}"
EndProject
Project("{FAE04EC0-301F-11D3-BF4B-00C04F79EFBC}") = "Client_Web_Console", "..\Client_Web_Console\Client_Web_Console.csproj", "{768DD5AF-ABF1-4CD8-AF11-175195F14AEA}"
EndProject
Global
	GlobalSection(SolutionConfigurationPlatforms) = preSolution
		Debug|Any CPU = Debug|Any CPU
		Release|Any CPU = Release|Any CPU
	EndGlobalSection
	GlobalSection(ProjectConfigurationPlatforms) = postSolution
		{4EF51233-C3DC-4D59-8D42-3273710C8C7B}.Debug|Any CPU.ActiveCfg = Debug|Any CPU
		{4EF51233-C3DC-4D59-8D42-3273710C8C7B}.Debug|Any CPU.Build.0 = Debug|Any CPU
		{4EF51233-C3DC-4D59-8D42-3273710C8C7B}.Release|Any CPU.ActiveCfg = Release|Any CPU
		{4EF51233-C3DC-4D59-8D42-3273710C8C7B}.Release|Any CPU.Build.0 = Release|Any CPU
		{768DD5AF-ABF1-4CD8-AF11-175195F14AEA}.Debug|Any CPU.ActiveCfg = Debug|Any CPU
		{768DD5AF-ABF1-4CD8-AF11-175195F14AEA}.Debug|Any CPU.Build.0 = Debug|Any CPU
		{768DD5AF-ABF1-4CD8-AF11-175195F14AEA}.Release|Any CPU.ActiveCfg = Release|Any CPU
		{768DD5AF-ABF1-4CD8-AF11-175195F14AEA}.Release|Any CPU.Build.0 = Release|Any CPU
	EndGlobalSection
	GlobalSection(SolutionProperties) = preSolution
		HideSolutionNode = FALSE
	EndGlobalSection
	GlobalSection(ExtensibilityGlobals) = postSolution
		SolutionGuid = {13EB84F9-0CB1-48CC-980B-4013BB302EEC}
	EndGlobalSection
EndGlobal
